
Microsoft Visual Studio Solution File, Format Version 12.00
# Visual Studio Version 17
VisualStudioVersion = 17.8.34330.188
MinimumVisualStudioVersion = 10.0.40219.1
Project("{FAE04EC0-301F-11D3-BF4B-00C04F79EFBC}") = "RESTCore", "TestProject\RESTCore.csproj", "{B3E51F70-252F-43B9-8F85-AD7756D2F18C}"
EndProject
Project("{FAE04EC0-301F-11D3-BF4B-00C04F79EFBC}") = "Common", "Common\Common.csproj", "{DB9F9AF9-3677-464D-881D-670E5648EFFD}"
EndProject
Project("{FAE04EC0-301F-11D3-BF4B-00C04F79EFBC}") = "ORM", "ORM\ORM.csproj", "{F3642DBD-C143-44F8-B949-0EE1F9430F99}"
EndProject
Global
	GlobalSection(SolutionConfigurationPlatforms) = preSolution
		Debug|Any CPU = Debug|Any CPU
		Release|Any CPU = Release|Any CPU
	EndGlobalSection
	GlobalSection(ProjectConfigurationPlatforms) = postSolution
		{B3E51F70-252F-43B9-8F85-AD7756D2F18C}.Debug|Any CPU.ActiveCfg = Debug|Any CPU
		{B3E51F70-252F-43B9-8F85-AD7756D2F18C}.Debug|Any CPU.Build.0 = Debug|Any CPU
		{B3E51F70-252F-43B9-8F85-AD7756D2F18C}.Release|Any CPU.ActiveCfg = Release|Any CPU
		{B3E51F70-252F-43B9-8F85-AD7756D2F18C}.Release|Any CPU.Build.0 = Release|Any CPU
		{DB9F9AF9-3677-464D-881D-670E5648EFFD}.Debug|Any CPU.ActiveCfg = Debug|Any CPU
		{DB9F9AF9-3677-464D-881D-670E5648EFFD}.Debug|Any CPU.Build.0 = Debug|Any CPU
		{DB9F9AF9-3677-464D-881D-670E5648EFFD}.Release|Any CPU.ActiveCfg = Release|Any CPU
		{DB9F9AF9-3677-464D-881D-670E5648EFFD}.Release|Any CPU.Build.0 = Release|Any CPU
		{F3642DBD-C143-44F8-B949-0EE1F9430F99}.Debug|Any CPU.ActiveCfg = Debug|Any CPU
		{F3642DBD-C143-44F8-B949-0EE1F9430F99}.Debug|Any CPU.Build.0 = Debug|Any CPU
		{F3642DBD-C143-44F8-B949-0EE1F9430F99}.Release|Any CPU.ActiveCfg = Release|Any CPU
		{F3642DBD-C143-44F8-B949-0EE1F9430F99}.Release|Any CPU.Build.0 = Release|Any CPU
	EndGlobalSection
	GlobalSection(SolutionProperties) = preSolution
		HideSolutionNode = FALSE
	EndGlobalSection
	GlobalSection(ExtensibilityGlobals) = postSolution
		SolutionGuid = {56F70825-F805-406A-A575-F918EF178613}
	EndGlobalSection
EndGlobal
